
Microsoft Visual Studio Solution File, Format Version 12.00
# Visual Studio Version 17
VisualStudioVersion = 17.0.31903.59
MinimumVisualStudioVersion = 10.0.40219.1
Project("{FAE04EC0-301F-11D3-BF4B-00C04F79EFBC}") = "API", "API\API.csproj", "{D9D09238-C625-4EC8-B04C-1DBD645C760E}"
EndProject
Project("{FAE04EC0-301F-11D3-BF4B-00C04F79EFBC}") = "Application", "Application\Application.csproj", "{A8B9F8E7-B55D-4160-A8DF-89356B42485E}"
EndProject
Project("{FAE04EC0-301F-11D3-BF4B-00C04F79EFBC}") = "Domain", "Domain\Domain.csproj", "{354DD61F-5840-45A0-B7C1-689E841E37A1}"
EndProject
Project("{FAE04EC0-301F-11D3-BF4B-00C04F79EFBC}") = "Persistence", "Persistence\Persistence.csproj", "{3642B4C3-A8F6-49A0-8D73-C2693A006911}"
EndProject
Global
	GlobalSection(SolutionConfigurationPlatforms) = preSolution
		Debug|Any CPU = Debug|Any CPU
		Release|Any CPU = Release|Any CPU
	EndGlobalSection
	GlobalSection(SolutionProperties) = preSolution
		HideSolutionNode = FALSE
	EndGlobalSection
	GlobalSection(ProjectConfigurationPlatforms) = postSolution
		{D9D09238-C625-4EC8-B04C-1DBD645C760E}.Debug|Any CPU.ActiveCfg = Debug|Any CPU
		{D9D09238-C625-4EC8-B04C-1DBD645C760E}.Debug|Any CPU.Build.0 = Debug|Any CPU
		{D9D09238-C625-4EC8-B04C-1DBD645C760E}.Release|Any CPU.ActiveCfg = Release|Any CPU
		{D9D09238-C625-4EC8-B04C-1DBD645C760E}.Release|Any CPU.Build.0 = Release|Any CPU
		{A8B9F8E7-B55D-4160-A8DF-89356B42485E}.Debug|Any CPU.ActiveCfg = Debug|Any CPU
		{A8B9F8E7-B55D-4160-A8DF-89356B42485E}.Debug|Any CPU.Build.0 = Debug|Any CPU
		{A8B9F8E7-B55D-4160-A8DF-89356B42485E}.Release|Any CPU.ActiveCfg = Release|Any CPU
		{A8B9F8E7-B55D-4160-A8DF-89356B42485E}.Release|Any CPU.Build.0 = Release|Any CPU
		{354DD61F-5840-45A0-B7C1-689E841E37A1}.Debug|Any CPU.ActiveCfg = Debug|Any CPU
		{354DD61F-5840-45A0-B7C1-689E841E37A1}.Debug|Any CPU.Build.0 = Debug|Any CPU
		{354DD61F-5840-45A0-B7C1-689E841E37A1}.Release|Any CPU.ActiveCfg = Release|Any CPU
		{354DD61F-5840-45A0-B7C1-689E841E37A1}.Release|Any CPU.Build.0 = Release|Any CPU
		{3642B4C3-A8F6-49A0-8D73-C2693A006911}.Debug|Any CPU.ActiveCfg = Debug|Any CPU
		{3642B4C3-A8F6-49A0-8D73-C2693A006911}.Debug|Any CPU.Build.0 = Debug|Any CPU
		{3642B4C3-A8F6-49A0-8D73-C2693A006911}.Release|Any CPU.ActiveCfg = Release|Any CPU
		{3642B4C3-A8F6-49A0-8D73-C2693A006911}.Release|Any CPU.Build.0 = Release|Any CPU
	EndGlobalSection
EndGlobal
